
Microsoft Visual Studio Solution File, Format Version 12.00
# Visual Studio Version 17
VisualStudioVersion = 17.11.35219.272
MinimumVisualStudioVersion = 10.0.40219.1
Project("{FAE04EC0-301F-11D3-BF4B-00C04F79EFBC}") = "LENA.ConsoleAppCase", "LENA.ConsoleAppCase\LENA.ConsoleAppCase.csproj", "{D068492B-920C-4F63-8548-7FF5043BC4CC}"
EndProject
Project("{FAE04EC0-301F-11D3-BF4B-00C04F79EFBC}") = "LENA.WebAppCase", "LENA.WebAppCase\LENA.WebAppCase.csproj", "{CEB4AE51-1325-41FE-AE1D-F96B0471034F}"
EndProject
Project("{E53339B2-1760-4266-BCC7-CA923CBCF16C}") = "docker-compose", "docker-compose.dcproj", "{6524FED0-2180-477E-9899-F654C5D5A202}"
EndProject
Global
	GlobalSection(SolutionConfigurationPlatforms) = preSolution
		Debug|Any CPU = Debug|Any CPU
		Release|Any CPU = Release|Any CPU
	EndGlobalSection
	GlobalSection(ProjectConfigurationPlatforms) = postSolution
		{D068492B-920C-4F63-8548-7FF5043BC4CC}.Debug|Any CPU.ActiveCfg = Debug|Any CPU
		{D068492B-920C-4F63-8548-7FF5043BC4CC}.Debug|Any CPU.Build.0 = Debug|Any CPU
		{D068492B-920C-4F63-8548-7FF5043BC4CC}.Release|Any CPU.ActiveCfg = Release|Any CPU
		{D068492B-920C-4F63-8548-7FF5043BC4CC}.Release|Any CPU.Build.0 = Release|Any CPU
		{CEB4AE51-1325-41FE-AE1D-F96B0471034F}.Debug|Any CPU.ActiveCfg = Debug|Any CPU
		{CEB4AE51-1325-41FE-AE1D-F96B0471034F}.Debug|Any CPU.Build.0 = Debug|Any CPU
		{CEB4AE51-1325-41FE-AE1D-F96B0471034F}.Release|Any CPU.ActiveCfg = Release|Any CPU
		{CEB4AE51-1325-41FE-AE1D-F96B0471034F}.Release|Any CPU.Build.0 = Release|Any CPU
		{6524FED0-2180-477E-9899-F654C5D5A202}.Debug|Any CPU.ActiveCfg = Debug|Any CPU
		{6524FED0-2180-477E-9899-F654C5D5A202}.Debug|Any CPU.Build.0 = Debug|Any CPU
		{6524FED0-2180-477E-9899-F654C5D5A202}.Release|Any CPU.ActiveCfg = Release|Any CPU
		{6524FED0-2180-477E-9899-F654C5D5A202}.Release|Any CPU.Build.0 = Release|Any CPU
	EndGlobalSection
	GlobalSection(SolutionProperties) = preSolution
		HideSolutionNode = FALSE
	EndGlobalSection
	GlobalSection(ExtensibilityGlobals) = postSolution
		SolutionGuid = {ADF44706-D4DA-4A90-8FB6-A3ECB77814A2}
	EndGlobalSection
EndGlobal
